%{"basho_stats": {:hex, :basho_stats, "1.0.3", "7e1174151509c64fcc1934120ed32295e14f84daae7f84926ba2c8d3700d146c", [:rebar3], []},
  "bear": {:hex, :bear, "0.8.3", "866002127a97932720a0d475d8582c98ec5fb78db3a18dfe7eaf91594d9024b8", [:rebar3], []},
  "chash": {:hex, :chash, "0.1.1", "ab209e4985c7bedba6e9f7b1412586a42ebcd0cb3b29cdcf2605ec605fd1a7df", [:rebar3], []},
  "clique": {:hex, :clique, "3.0.1", "8c88f2349c7c550d3a2f44e63c30128782b724b0987084370a120700c3ea7564", [:rebar3], [{:cuttlefish, "2.0.7", [hex: :cuttlefish, optional: false]}]},
  "cuttlefish": {:hex, :cuttlefish, "2.0.7", "67f007e7564f1c81066dccb86a6453da051e937c8685984b888bff92682cb6ad", [:rebar3], [{:lager, "3.0.2", [hex: :lager, optional: false]}, {:getopt, "0.8.2", [hex: :getopt, optional: false]}]},
  "edown": {:hex, :edown, "0.7.0", "6803599606b10f8e328d6d60c44cd16244cd2429908894c415fce4211c3bfefd", [:rebar, :rebar, :make], []},
  "eleveldb": {:hex, :eleveldb, "2.1.3", "6d85bf8fa838d05ad8e6f7ffbbb34ad858fc2c04fbebcd86001a47893d6f892a", [:rebar3], []},
  "erocksdb": {:hex, :erocksdb, "0.4.1", "59a3258b1460d0e64f7575d912d9af86fa5aa56729abff18e4d3e4fd4a5e01e0", [:rebar3], []},
  "exometer_core": {:hex, :exometer_core, "1.0.0", "4bb89ed77232d5d7ec60a45139ecb0b74ca57a63eea109f3ef8f7b470675802a", [:rebar3], [{:setup, "1.7.0", [hex: :setup, optional: false]}, {:parse_trans, "2.9.0", [hex: :parse_trans, optional: false]}, {:lager, "3.0.2", [hex: :lager, optional: false]}, {:folsom, "0.8.3", [hex: :folsom, optional: false]}]},
  "folsom": {:hex, :folsom, "0.8.3", "71cff146152fa95e6092e62119f9dc96888660111e7b61853c8fdcf80598a4e0", [:rebar3], [{:bear, "0.8.3", [hex: :bear, optional: false]}]},
  "getopt": {:hex, :getopt, "0.8.2", "b17556db683000ba50370b16c0619df1337e7af7ecbf7d64fbf8d1d6bce3109b", [:rebar], []},
  "goldrush": {:hex, :goldrush, "0.1.7", "349a351d17c71c2fdaa18a6c2697562abe136fec945f147b381f0cf313160228", [:rebar3], []},
  "lager": {:hex, :lager, "3.0.2", "25dc81bc3659b62f5ab9bd073e97ddd894fc4c242019fccef96f3889d7366c97", [:rebar3], [{:goldrush, "0.1.7", [hex: :goldrush, optional: false]}]},
  "parse_trans": {:hex, :parse_trans, "2.9.0", "3f5f7b402928fb9fd200c891e635de909045d1efac40ce3f924d3892898f85eb", [:rebar, :rebar], [{:edown, "> 0.0.0", [hex: :edown, optional: false]}]},
  "pbkdf2": {:hex, :pbkdf2, "2.0.0", "11c23279fded5c0027ab3996cfae77805521d7ef4babde2bd7ec04a9086cf499", [:rebar3], []},
  "poolboy": {:hex, :basho_poolboy, "0.8.1-p3", "eba815cd24871c37bf0538221d3e12ee14dc015ca5dca74696e579e53f0ff9d5", [:rebar3], []},
  "riak_core": {:git, "https://github.com/project-fifo/riak_core.git", "6c1096a86395aadfe04515a417e3b8c82b82e50c", [ref: "6c1096a86395aadfe04515a417e3b8c82b82e50c"]},
  "riak_ensemble": {:hex, :riak_ensemble, "2.1.3", "5029bd5b87d37b5e7ed702cde3acc1ac4acaaa82b6dfe234c2bf98a9d7cc95e9", [:rebar3], [{:lager, "3.0.2", [hex: :lager, optional: false]}, {:eleveldb, "2.1.3", [hex: :eleveldb, optional: false]}]},
  "riak_sysmon": {:hex, :riak_sysmon, "2.1.2", "24f804606d65de1f020138f5e6e3e17be4c5a41567d5170306378253e3705bae", [:rebar3], [{:lager, "3.0.2", [hex: :lager, optional: false]}]},
  "setup": {:hex, :setup, "1.7.0", "15df8e57c6df9755e22bfb1aef0c640bd97e9889396fdfb2a85a5536a9043674", [:rebar3], []}}
